# Light Block - Источник света

enabled: true

# Крафт в верстаке (4 светокамня вокруг + 1 свечка в центре)
crafting-enabled: true

# Минимальный уровень света
min-level: 0

# Максимальный уровень света
max-level: 15

# Формат названия предмета (%level% = уровень света)
name-format: "§eИсточник света §7[§f%level%§7]"

# CustomModelData для текстуры предмета в инвентаре (для ресурс-паков)
# Установите 0 чтобы не использовать кастомную модель
custom-model-data: 0
